
Microsoft Visual Studio Solution File, Format Version 12.00
# Visual Studio Version 16
VisualStudioVersion = 16.0.31019.35
MinimumVisualStudioVersion = 10.0.40219.1
Project("{8BC9CEB8-8B4A-11D0-8D11-00A0C91BC942}") = "rns-compiler", "rns-compiler\rns-compiler.vcxproj", "{86725935-5719-4D7B-BF43-EC0EC8489E0D}"
EndProject
Global
	GlobalSection(SolutionConfigurationPlatforms) = preSolution
		Debug|x64 = Debug|x64
		Release|x64 = Release|x64
		ReleaseDebug|x64 = ReleaseDebug|x64
		Superluminal|x64 = Superluminal|x64
	EndGlobalSection
	GlobalSection(ProjectConfigurationPlatforms) = postSolution
		{86725935-5719-4D7B-BF43-EC0EC8489E0D}.Debug|x64.ActiveCfg = Debug|x64
		{86725935-5719-4D7B-BF43-EC0EC8489E0D}.Debug|x64.Build.0 = Debug|x64
		{86725935-5719-4D7B-BF43-EC0EC8489E0D}.Release|x64.ActiveCfg = Release|x64
		{86725935-5719-4D7B-BF43-EC0EC8489E0D}.Release|x64.Build.0 = Release|x64
		{86725935-5719-4D7B-BF43-EC0EC8489E0D}.ReleaseDebug|x64.ActiveCfg = ReleaseDebug|x64
		{86725935-5719-4D7B-BF43-EC0EC8489E0D}.ReleaseDebug|x64.Build.0 = ReleaseDebug|x64
		{86725935-5719-4D7B-BF43-EC0EC8489E0D}.Superluminal|x64.ActiveCfg = Superluminal|x64
		{86725935-5719-4D7B-BF43-EC0EC8489E0D}.Superluminal|x64.Build.0 = Superluminal|x64
	EndGlobalSection
	GlobalSection(SolutionProperties) = preSolution
		HideSolutionNode = FALSE
	EndGlobalSection
	GlobalSection(ExtensibilityGlobals) = postSolution
		SolutionGuid = {01A16B1A-CE08-4C57-9CCF-51B5ECF91FF6}
	EndGlobalSection
EndGlobal
